
Microsoft Visual Studio Solution File, Format Version 12.00
# Visual Studio Version 17
VisualStudioVersion = 17.9.34607.119
MinimumVisualStudioVersion = 10.0.40219.1
Project("{8BC9CEB8-8B4A-11D0-8D11-00A0C91BC942}") = "20240306_Homework", "20240306_Homework\20240306_Homework.vcxproj", "{1E612974-FECF-4DC7-99DA-9CE17DEADEBD}"
EndProject
Global
	GlobalSection(SolutionConfigurationPlatforms) = preSolution
		Debug|x64 = Debug|x64
		Debug|x86 = Debug|x86
		Release|x64 = Release|x64
		Release|x86 = Release|x86
	EndGlobalSection
	GlobalSection(ProjectConfigurationPlatforms) = postSolution
		{1E612974-FECF-4DC7-99DA-9CE17DEADEBD}.Debug|x64.ActiveCfg = Debug|x64
		{1E612974-FECF-4DC7-99DA-9CE17DEADEBD}.Debug|x64.Build.0 = Debug|x64
		{1E612974-FECF-4DC7-99DA-9CE17DEADEBD}.Debug|x86.ActiveCfg = Debug|Win32
		{1E612974-FECF-4DC7-99DA-9CE17DEADEBD}.Debug|x86.Build.0 = Debug|Win32
		{1E612974-FECF-4DC7-99DA-9CE17DEADEBD}.Release|x64.ActiveCfg = Release|x64
		{1E612974-FECF-4DC7-99DA-9CE17DEADEBD}.Release|x64.Build.0 = Release|x64
		{1E612974-FECF-4DC7-99DA-9CE17DEADEBD}.Release|x86.ActiveCfg = Release|Win32
		{1E612974-FECF-4DC7-99DA-9CE17DEADEBD}.Release|x86.Build.0 = Release|Win32
	EndGlobalSection
	GlobalSection(SolutionProperties) = preSolution
		HideSolutionNode = FALSE
	EndGlobalSection
	GlobalSection(ExtensibilityGlobals) = postSolution
		SolutionGuid = {78841A5F-A9F1-4759-A16D-083090C5BD5D}
	EndGlobalSection
EndGlobal
